
Microsoft Visual Studio Solution File, Format Version 12.00
# Visual Studio Version 16
VisualStudioVersion = 16.0.29306.81
MinimumVisualStudioVersion = 10.0.40219.1
Project("{FAE04EC0-301F-11D3-BF4B-00C04F79EFBC}") = "WindowsFormsApp20201105", "WindowsFormsApp20201105.csproj", "{784DF6EE-78A5-485D-84D7-B185824747EF}"
EndProject
Global
	GlobalSection(SolutionConfigurationPlatforms) = preSolution
		Debug|Any CPU = Debug|Any CPU
		Release|Any CPU = Release|Any CPU
	EndGlobalSection
	GlobalSection(ProjectConfigurationPlatforms) = postSolution
		{784DF6EE-78A5-485D-84D7-B185824747EF}.Debug|Any CPU.ActiveCfg = Debug|Any CPU
		{784DF6EE-78A5-485D-84D7-B185824747EF}.Debug|Any CPU.Build.0 = Debug|Any CPU
		{784DF6EE-78A5-485D-84D7-B185824747EF}.Release|Any CPU.ActiveCfg = Release|Any CPU
		{784DF6EE-78A5-485D-84D7-B185824747EF}.Release|Any CPU.Build.0 = Release|Any CPU
	EndGlobalSection
	GlobalSection(SolutionProperties) = preSolution
		HideSolutionNode = FALSE
	EndGlobalSection
	GlobalSection(ExtensibilityGlobals) = postSolution
		SolutionGuid = {87EE2361-5562-4237-AA13-70F3720C0196}
	EndGlobalSection
EndGlobal
